github.com/mus-format/common-go v0.0.0-20251026135849-8d07907c3a67 h1:vr+bIOCXwDB+8KtC40fUJuCMbSFskhsDYwaC8Pd3nGQ=
github.com/mus-format/common-go v0.0.0-20251026135849-8d07907c3a67/go.mod h1:6Dv72knd/gHi0Scn4OEFPQbnl7RrQlQDfUOOkKP/nZc=
github.com/ymz-ncnk/assert v0.0.0-20250528151733-c41b2fca7933 h1:V48ApBa/TSsGNKnIapVQs1q/5+HAaOk51b24L8yuPpA=
github.com/ymz-ncnk/mok v0.2.1 h1:rx/QVO4W2d3s6g1Q2tVeIndD0Yhc66pVJRB2RHpXWSo=
github.com/ymz-ncnk/mok v0.2.1/go.mod h1:BYggihmf3kEBo7HfDVwDEqZ08gO8og8o5fcd8xuPmu0=
golang.org/x/exp v0.0.0-20230425010034-47ecfdc1ba53 h1:5llv2sWeaMSnA3w2kS57ouQQ4pudlXrR0dCgw51QK9o=
golang.org/x/exp v0.0.0-20230425010034-47ecfdc1ba53/go.mod h1:V1LtkGg67GoY2N1AnLN78QLrzxkLyJw7RJb1gzOOz9w=
